// !$*UTF8*$!
{
	archiveVersion = 1;
	classes = {
	};
	objectVersion = 46;
	objects = {

/* Begin PBXBuildFile section */
		6D01165B192CE89B0009FE46 /* HJYStore+Util.m in Sources */ = {isa = PBXBuildFile; fileRef = 6D01165A192CE89B0009FE46 /* HJYStore+Util.m */; };
		6D011660192CEAEA0009FE46 /* HJYStore+DictStore.m in Sources */ = {isa = PBXBuildFile; fileRef = 6D01165F192CEAEA0009FE46 /* HJYStore+DictStore.m */; };
		6D011663192CF7390009FE46 /* HJYDict.m in Sources */ = {isa = PBXBuildFile; fileRef = 6D011662192CF7390009FE46 /* HJYDict.m */; };
		6D212B9C192ECF2500C46686 /* cet4.csv in Resources */ = {isa = PBXBuildFile; fileRef = 6D212B9B192ECF2500C46686 /* cet4.csv */; };
		6D212BA0192F1C6500C46686 /* dict.plist in Resources */ = {isa = PBXBuildFile; fileRef = 6D212B9F192F1C6500C46686 /* dict.plist */; };
		6D2F44C9193B08ED0059B28B /* HJYSideBarTableViewController.m in Sources */ = {isa = PBXBuildFile; fileRef = 6D2F44C8193B08ED0059B28B /* HJYSideBarTableViewController.m */; };
		6D70CF601930873100638264 /* HJYWord.m in Sources */ = {isa = PBXBuildFile; fileRef = 6D70CF5F1930873100638264 /* HJYWord.m */; };
		6D8D9485193B0D2400F61E8F /* HJYMainViewController.m in Sources */ = {isa = PBXBuildFile; fileRef = 6D8D9484193B0D2400F61E8F /* HJYMainViewController.m */; };
		6D8D9489193B108D00F61E8F /* SWRevealViewController.m in Sources */ = {isa = PBXBuildFile; fileRef = 6D8D9488193B108D00F61E8F /* SWRevealViewController.m */; };
		6DD1C772192893E80062E079 /* Foundation.framework in Frameworks */ = {isa = PBXBuildFile; fileRef = 6DD1C771192893E80062E079 /* Foundation.framework */; };
		6DD1C774192893E80062E079 /* CoreGraphics.framework in Frameworks */ = {isa = PBXBuildFile; fileRef = 6DD1C773192893E80062E079 /* CoreGraphics.framework */; };
		6DD1C776192893E80062E079 /* UIKit.framework in Frameworks */ = {isa = PBXBuildFile; fileRef = 6DD1C775192893E80062E079 /* UIKit.framework */; };
		6DD1C77C192893E80062E079 /* InfoPlist.strings in Resources */ = {isa = PBXBuildFile; fileRef = 6DD1C77A192893E80062E079 /* InfoPlist.strings */; };
		6DD1C77E192893E80062E079 /* main.m in Sources */ = {isa = PBXBuildFile; fileRef = 6DD1C77D192893E80062E079 /* main.m */; };
		6DD1C782192893E80062E079 /* HJYAppDelegate.m in Sources */ = {isa = PBXBuildFile; fileRef = 6DD1C781192893E80062E079 /* HJYAppDelegate.m */; };
		6DD1C785192893E80062E079 /* Main.storyboard in Resources */ = {isa = PBXBuildFile; fileRef = 6DD1C783192893E80062E079 /* Main.storyboard */; };
		6DD1C78A192893E80062E079 /* Images.xcassets in Resources */ = {isa = PBXBuildFile; fileRef = 6DD1C789192893E80062E079 /* Images.xcassets */; };
		6DD1C791192893E80062E079 /* XCTest.framework in Frameworks */ = {isa = PBXBuildFile; fileRef = 6DD1C790192893E80062E079 /* XCTest.framework */; };
		6DD1C792192893E80062E079 /* Foundation.framework in Frameworks */ = {isa = PBXBuildFile; fileRef = 6DD1C771192893E80062E079 /* Foundation.framework */; };
		6DD1C793192893E80062E079 /* UIKit.framework in Frameworks */ = {isa = PBXBuildFile; fileRef = 6DD1C775192893E80062E079 /* UIKit.framework */; };
		6DD1C79B192893E80062E079 /* InfoPlist.strings in Resources */ = {isa = PBXBuildFile; fileRef = 6DD1C799192893E80062E079 /* InfoPlist.strings */; };
		6DD1C79D192893E80062E079 /* HaoJiYouTests.m in Sources */ = {isa = PBXBuildFile; fileRef = 6DD1C79C192893E80062E079 /* HaoJiYouTests.m */; };
		6DD1C7A71928DF510062E079 /* libsqlite3.dylib in Frameworks */ = {isa = PBXBuildFile; fileRef = 6DD1C7A61928DF510062E079 /* libsqlite3.dylib */; };
		6DD1C7AB1928E6830062E079 /* HJYStore.m in Sources */ = {isa = PBXBuildFile; fileRef = 6DD1C7AA1928E6830062E079 /* HJYStore.m */; };
/* End PBXBuildFile section */

/* Begin PBXContainerItemProxy section */
		6DD1C794192893E80062E079 /* PBXContainerItemProxy */ = {
			isa = PBXContainerItemProxy;
			containerPortal = 6DD1C766192893E80062E079 /* Project object */;
			proxyType = 1;
			remoteGlobalIDString = 6DD1C76D192893E80062E079;
			remoteInfo = HaoJiYou;
		};
/* End PBXContainerItemProxy section */

/* Begin PBXFileReference section */
		6D011651192C673A0009FE46 /* HJYStoreConst.h */ = {isa = PBXFileReference; lastKnownFileType = sourcecode.c.h; name = HJYStoreConst.h; path = store/HJYStoreConst.h; sourceTree = "<group>"; };
		6D011659192CE89B0009FE46 /* HJYStore+Util.h */ = {isa = PBXFileReference; fileEncoding = 4; lastKnownFileType = sourcecode.c.h; name = "HJYStore+Util.h"; path = "store/HJYStore+Util.h"; sourceTree = "<group>"; };
		6D01165A192CE89B0009FE46 /* HJYStore+Util.m */ = {isa = PBXFileReference; fileEncoding = 4; lastKnownFileType = sourcecode.c.objc; name = "HJYStore+Util.m"; path = "store/HJYStore+Util.m"; sourceTree = "<group>"; };
		6D01165E192CEAEA0009FE46 /* HJYStore+DictStore.h */ = {isa = PBXFileReference; fileEncoding = 4; lastKnownFileType = sourcecode.c.h; name = "HJYStore+DictStore.h"; path = "store/HJYStore+DictStore.h"; sourceTree = "<group>"; };
		6D01165F192CEAEA0009FE46 /* HJYStore+DictStore.m */ = {isa = PBXFileReference; fileEncoding = 4; lastKnownFileType = sourcecode.c.objc; name = "HJYStore+DictStore.m"; path = "store/HJYStore+DictStore.m"; sourceTree = "<group>"; };
		6D011661192CF7390009FE46 /* HJYDict.h */ = {isa = PBXFileReference; fileEncoding = 4; lastKnownFileType = sourcecode.c.h; name = HJYDict.h; path = store/HJYDict.h; sourceTree = "<group>"; };
		6D011662192CF7390009FE46 /* HJYDict.m */ = {isa = PBXFileReference; fileEncoding = 4; lastKnownFileType = sourcecode.c.objc; name = HJYDict.m; path = store/HJYDict.m; sourceTree = "<group>"; };
		6D212B9B192ECF2500C46686 /* cet4.csv */ = {isa = PBXFileReference; lastKnownFileType = text; name = cet4.csv; path = resource/cet4.csv; sourceTree = "<group>"; };
		6D212B9F192F1C6500C46686 /* dict.plist */ = {isa = PBXFileReference; fileEncoding = 4; lastKnownFileType = text.plist.xml; name = dict.plist; path = resource/dict.plist; sourceTree = "<group>"; };
		6D2F44C7193B08ED0059B28B /* HJYSideBarTableViewController.h */ = {isa = PBXFileReference; fileEncoding = 4; lastKnownFileType = sourcecode.c.h; path = HJYSideBarTableViewController.h; sourceTree = "<group>"; };
		6D2F44C8193B08ED0059B28B /* HJYSideBarTableViewController.m */ = {isa = PBXFileReference; fileEncoding = 4; lastKnownFileType = sourcecode.c.objc; path = HJYSideBarTableViewController.m; sourceTree = "<group>"; };
		6D70CF5E1930873100638264 /* HJYWord.h */ = {isa = PBXFileReference; fileEncoding = 4; lastKnownFileType = sourcecode.c.h; name = HJYWord.h; path = store/HJYWord.h; sourceTree = "<group>"; };
		6D70CF5F1930873100638264 /* HJYWord.m */ = {isa = PBXFileReference; fileEncoding = 4; lastKnownFileType = sourcecode.c.objc; name = HJYWord.m; path = store/HJYWord.m; sourceTree = "<group>"; };
		6D8D9483193B0D2400F61E8F /* HJYMainViewController.h */ = {isa = PBXFileReference; fileEncoding = 4; lastKnownFileType = sourcecode.c.h; path = HJYMainViewController.h; sourceTree = "<group>"; };
		6D8D9484193B0D2400F61E8F /* HJYMainViewController.m */ = {isa = PBXFileReference; fileEncoding = 4; lastKnownFileType = sourcecode.c.objc; path = HJYMainViewController.m; sourceTree = "<group>"; };
		6D8D9487193B108D00F61E8F /* SWRevealViewController.h */ = {isa = PBXFileReference; fileEncoding = 4; lastKnownFileType = sourcecode.c.h; name = SWRevealViewController.h; path = Library/SWRevealViewController.h; sourceTree = "<group>"; };
		6D8D9488193B108D00F61E8F /* SWRevealViewController.m */ = {isa = PBXFileReference; fileEncoding = 4; lastKnownFileType = sourcecode.c.objc; name = SWRevealViewController.m; path = Library/SWRevealViewController.m; sourceTree = "<group>"; };
		6DD1C76E192893E80062E079 /* HaoJiYou.app */ = {isa = PBXFileReference; explicitFileType = wrapper.application; includeInIndex = 0; path = HaoJiYou.app; sourceTree = BUILT_PRODUCTS_DIR; };
		6DD1C771192893E80062E079 /* Foundation.framework */ = {isa = PBXFileReference; lastKnownFileType = wrapper.framework; name = Foundation.framework; path = System/Library/Frameworks/Foundation.framework; sourceTree = SDKROOT; };
		6DD1C773192893E80062E079 /* CoreGraphics.framework */ = {isa = PBXFileReference; lastKnownFileType = wrapper.framework; name = CoreGraphics.framework; path = System/Library/Frameworks/CoreGraphics.framework; sourceTree = SDKROOT; };
		6DD1C775192893E80062E079 /* UIKit.framework */ = {isa = PBXFileReference; lastKnownFileType = wrapper.framework; name = UIKit.framework; path = System/Library/Frameworks/UIKit.framework; sourceTree = SDKROOT; };
		6DD1C779192893E80062E079 /* HaoJiYou-Info.plist */ = {isa = PBXFileReference; lastKnownFileType = text.plist.xml; path = "HaoJiYou-Info.plist"; sourceTree = "<group>"; };
		6DD1C77B192893E80062E079 /* en */ = {isa = PBXFileReference; lastKnownFileType = text.plist.strings; name = en; path = en.lproj/InfoPlist.strings; sourceTree = "<group>"; };
		6DD1C77D192893E80062E079 /* main.m */ = {isa = PBXFileReference; lastKnownFileType = sourcecode.c.objc; path = main.m; sourceTree = "<group>"; };
		6DD1C77F192893E80062E079 /* HaoJiYou-Prefix.pch */ = {isa = PBXFileReference; lastKnownFileType = sourcecode.c.h; path = "HaoJiYou-Prefix.pch"; sourceTree = "<group>"; };
		6DD1C780192893E80062E079 /* HJYAppDelegate.h */ = {isa = PBXFileReference; lastKnownFileType = sourcecode.c.h; path = HJYAppDelegate.h; sourceTree = "<group>"; };
		6DD1C781192893E80062E079 /* HJYAppDelegate.m */ = {isa = PBXFileReference; lastKnownFileType = sourcecode.c.objc; path = HJYAppDelegate.m; sourceTree = "<group>"; };
		6DD1C784192893E80062E079 /* Base */ = {isa = PBXFileReference; lastKnownFileType = file.storyboard; name = Base; path = Base.lproj/Main.storyboard; sourceTree = "<group>"; };
		6DD1C789192893E80062E079 /* Images.xcassets */ = {isa = PBXFileReference; lastKnownFileType = folder.assetcatalog; path = Images.xcassets; sourceTree = "<group>"; };
		6DD1C78F192893E80062E079 /* HaoJiYouTests.xctest */ = {isa = PBXFileReference; explicitFileType = wrapper.cfbundle; includeInIndex = 0; path = HaoJiYouTests.xctest; sourceTree = BUILT_PRODUCTS_DIR; };
		6DD1C790192893E80062E079 /* XCTest.framework */ = {isa = PBXFileReference; lastKnownFileType = wrapper.framework; name = XCTest.framework; path = Library/Frameworks/XCTest.framework; sourceTree = DEVELOPER_DIR; };
		6DD1C798192893E80062E079 /* HaoJiYouTests-Info.plist */ = {isa = PBXFileReference; lastKnownFileType = text.plist.xml; path = "HaoJiYouTests-Info.plist"; sourceTree = "<group>"; };
		6DD1C79A192893E80062E079 /* en */ = {isa = PBXFileReference; lastKnownFileType = text.plist.strings; name = en; path = en.lproj/InfoPlist.strings; sourceTree = "<group>"; };
		6DD1C79C192893E80062E079 /* HaoJiYouTests.m */ = {isa = PBXFileReference; lastKnownFileType = sourcecode.c.objc; path = HaoJiYouTests.m; sourceTree = "<group>"; };
		6DD1C7A61928DF510062E079 /* libsqlite3.dylib */ = {isa = PBXFileReference; lastKnownFileType = "compiled.mach-o.dylib"; name = libsqlite3.dylib; path = usr/lib/libsqlite3.dylib; sourceTree = SDKROOT; };
		6DD1C7A91928E6830062E079 /* HJYStore.h */ = {isa = PBXFileReference; fileEncoding = 4; lastKnownFileType = sourcecode.c.h; name = HJYStore.h; path = store/HJYStore.h; sourceTree = "<group>"; };
		6DD1C7AA1928E6830062E079 /* HJYStore.m */ = {isa = PBXFileReference; fileEncoding = 4; lastKnownFileType = sourcecode.c.objc; name = HJYStore.m; path = store/HJYStore.m; sourceTree = "<group>"; };
/* End PBXFileReference section */

/* Begin PBXFrameworksBuildPhase section */
		6DD1C76B192893E80062E079 /* Frameworks */ = {
			isa = PBXFrameworksBuildPhase;
			buildActionMask = 2147483647;
			files = (
				6DD1C7A71928DF510062E079 /* libsqlite3.dylib in Frameworks */,
				6DD1C774192893E80062E079 /* CoreGraphics.framework in Frameworks */,
				6DD1C776192893E80062E079 /* UIKit.framework in Frameworks */,
				6DD1C772192893E80062E079 /* Foundation.framework in Frameworks */,
			);
			runOnlyForDeploymentPostprocessing = 0;
		};
		6DD1C78C192893E80062E079 /* Frameworks */ = {
			isa = PBXFrameworksBuildPhase;
			buildActionMask = 2147483647;
			files = (
				6DD1C791192893E80062E079 /* XCTest.framework in Frameworks */,
				6DD1C793192893E80062E079 /* UIKit.framework in Frameworks */,
				6DD1C792192893E80062E079 /* Foundation.framework in Frameworks */,
			);
			runOnlyForDeploymentPostprocessing = 0;
		};
/* End PBXFrameworksBuildPhase section */

/* Begin PBXGroup section */
		6D011652192CA27D0009FE46 /* resource */ = {
			isa = PBXGroup;
			children = (
				6D212B9B192ECF2500C46686 /* cet4.csv */,
				6D212B9F192F1C6500C46686 /* dict.plist */,
			);
			name = resource;
			sourceTree = "<group>";
		};
		6D8D9486193B106B00F61E8F /* Library */ = {
			isa = PBXGroup;
			children = (
				6D8D9487193B108D00F61E8F /* SWRevealViewController.h */,
				6D8D9488193B108D00F61E8F /* SWRevealViewController.m */,
			);
			name = Library;
			sourceTree = "<group>";
		};
		6DD1C765192893E80062E079 = {
			isa = PBXGroup;
			children = (
				6DD1C777192893E80062E079 /* HaoJiYou */,
				6DD1C796192893E80062E079 /* HaoJiYouTests */,
				6DD1C770192893E80062E079 /* Frameworks */,
				6DD1C76F192893E80062E079 /* Products */,
			);
			sourceTree = "<group>";
		};
		6DD1C76F192893E80062E079 /* Products */ = {
			isa = PBXGroup;
			children = (
				6DD1C76E192893E80062E079 /* HaoJiYou.app */,
				6DD1C78F192893E80062E079 /* HaoJiYouTests.xctest */,
			);
			name = Products;
			sourceTree = "<group>";
		};
		6DD1C770192893E80062E079 /* Frameworks */ = {
			isa = PBXGroup;
			children = (
				6DD1C7A61928DF510062E079 /* libsqlite3.dylib */,
				6DD1C771192893E80062E079 /* Foundation.framework */,
				6DD1C773192893E80062E079 /* CoreGraphics.framework */,
				6DD1C775192893E80062E079 /* UIKit.framework */,
				6DD1C790192893E80062E079 /* XCTest.framework */,
			);
			name = Frameworks;
			sourceTree = "<group>";
		};
		6DD1C777192893E80062E079 /* HaoJiYou */ = {
			isa = PBXGroup;
			children = (
				6D8D9486193B106B00F61E8F /* Library */,
				6D011652192CA27D0009FE46 /* resource */,
				6DD1C7A81928E6390062E079 /* store */,
				6DD1C780192893E80062E079 /* HJYAppDelegate.h */,
				6DD1C781192893E80062E079 /* HJYAppDelegate.m */,
				6DD1C783192893E80062E079 /* Main.storyboard */,
				6DD1C789192893E80062E079 /* Images.xcassets */,
				6DD1C778192893E80062E079 /* Supporting Files */,
				6D2F44C7193B08ED0059B28B /* HJYSideBarTableViewController.h */,
				6D2F44C8193B08ED0059B28B /* HJYSideBarTableViewController.m */,
				6D8D9483193B0D2400F61E8F /* HJYMainViewController.h */,
				6D8D9484193B0D2400F61E8F /* HJYMainViewController.m */,
			);
			path = HaoJiYou;
			sourceTree = "<group>";
		};
		6DD1C778192893E80062E079 /* Supporting Files */ = {
			isa = PBXGroup;
			children = (
				6DD1C779192893E80062E079 /* HaoJiYou-Info.plist */,
				6DD1C77A192893E80062E079 /* InfoPlist.strings */,
				6DD1C77D192893E80062E079 /* main.m */,
				6DD1C77F192893E80062E079 /* HaoJiYou-Prefix.pch */,
			);
			name = "Supporting Files";
			sourceTree = "<group>";
		};
		6DD1C796192893E80062E079 /* HaoJiYouTests */ = {
			isa = PBXGroup;
			children = (
				6DD1C79C192893E80062E079 /* HaoJiYouTests.m */,
				6DD1C797192893E80062E079 /* Supporting Files */,
			);
			path = HaoJiYouTests;
			sourceTree = "<group>";
		};
		6DD1C797192893E80062E079 /* Supporting Files */ = {
			isa = PBXGroup;
			children = (
				6DD1C798192893E80062E079 /* HaoJiYouTests-Info.plist */,
				6DD1C799192893E80062E079 /* InfoPlist.strings */,
			);
			name = "Supporting Files";
			sourceTree = "<group>";
		};
		6DD1C7A81928E6390062E079 /* store */ = {
			isa = PBXGroup;
			children = (
				6DD1C7A91928E6830062E079 /* HJYStore.h */,
				6DD1C7AA1928E6830062E079 /* HJYStore.m */,
				6D011651192C673A0009FE46 /* HJYStoreConst.h */,
				6D011659192CE89B0009FE46 /* HJYStore+Util.h */,
				6D01165A192CE89B0009FE46 /* HJYStore+Util.m */,
				6D01165E192CEAEA0009FE46 /* HJYStore+DictStore.h */,
				6D01165F192CEAEA0009FE46 /* HJYStore+DictStore.m */,
				6D011661192CF7390009FE46 /* HJYDict.h */,
				6D011662192CF7390009FE46 /* HJYDict.m */,
				6D70CF5E1930873100638264 /* HJYWord.h */,
				6D70CF5F1930873100638264 /* HJYWord.m */,
			);
			name = store;
			sourceTree = "<group>";
		};
/* End PBXGroup section */

/* Begin PBXNativeTarget section */
		6DD1C76D192893E80062E079 /* HaoJiYou */ = {
			isa = PBXNativeTarget;
			buildConfigurationList = 6DD1C7A0192893E80062E079 /* Build configuration list for PBXNativeTarget "HaoJiYou" */;
			buildPhases = (
				6DD1C76A192893E80062E079 /* Sources */,
				6DD1C76B192893E80062E079 /* Frameworks */,
				6DD1C76C192893E80062E079 /* Resources */,
			);
			buildRules = (
			);
			dependencies = (
			);
			name = HaoJiYou;
			productName = HaoJiYou;
			productReference = 6DD1C76E192893E80062E079 /* HaoJiYou.app */;
			productType = "com.apple.product-type.application";
		};
		6DD1C78E192893E80062E079 /* HaoJiYouTests */ = {
			isa = PBXNativeTarget;
			buildConfigurationList = 6DD1C7A3192893E80062E079 /* Build configuration list for PBXNativeTarget "HaoJiYouTests" */;
			buildPhases = (
				6DD1C78B192893E80062E079 /* Sources */,
				6DD1C78C192893E80062E079 /* Frameworks */,
				6DD1C78D192893E80062E079 /* Resources */,
			);
			buildRules = (
			);
			dependencies = (
				6DD1C795192893E80062E079 /* PBXTargetDependency */,
			);
			name = HaoJiYouTests;
			productName = HaoJiYouTests;
			productReference = 6DD1C78F192893E80062E079 /* HaoJiYouTests.xctest */;
			productType = "com.apple.product-type.bundle.unit-test";
		};
/* End PBXNativeTarget section */

/* Begin PBXProject section */
		6DD1C766192893E80062E079 /* Project object */ = {
			isa = PBXProject;
			attributes = {
				CLASSPREFIX = HJY;
				LastUpgradeCheck = 0510;
				ORGANIZATIONNAME = hjy;
				TargetAttributes = {
					6DD1C78E192893E80062E079 = {
						TestTargetID = 6DD1C76D192893E80062E079;
					};
				};
			};
			buildConfigurationList = 6DD1C769192893E80062E079 /* Build configuration list for PBXProject "HaoJiYou" */;
			compatibilityVersion = "Xcode 3.2";
			developmentRegion = English;
			hasScannedForEncodings = 0;
			knownRegions = (
				en,
				Base,
			);
			mainGroup = 6DD1C765192893E80062E079;
			productRefGroup = 6DD1C76F192893E80062E079 /* Products */;
			projectDirPath = "";
			projectRoot = "";
			targets = (
				6DD1C76D192893E80062E079 /* HaoJiYou */,
				6DD1C78E192893E80062E079 /* HaoJiYouTests */,
			);
		};
/* End PBXProject section */

/* Begin PBXResourcesBuildPhase section */
		6DD1C76C192893E80062E079 /* Resources */ = {
			isa = PBXResourcesBuildPhase;
			buildActionMask = 2147483647;
			files = (
				6DD1C78A192893E80062E079 /* Images.xcassets in Resources */,
				6DD1C77C192893E80062E079 /* InfoPlist.strings in Resources */,
				6D212B9C192ECF2500C46686 /* cet4.csv in Resources */,
				6D212BA0192F1C6500C46686 /* dict.plist in Resources */,
				6DD1C785192893E80062E079 /* Main.storyboard in Resources */,
			);
			runOnlyForDeploymentPostprocessing = 0;
		};
		6DD1C78D192893E80062E079 /* Resources */ = {
			isa = PBXResourcesBuildPhase;
			buildActionMask = 2147483647;
			files = (
				6DD1C79B192893E80062E079 /* InfoPlist.strings in Resources */,
			);
			runOnlyForDeploymentPostprocessing = 0;
		};
/* End PBXResourcesBuildPhase section */

/* Begin PBXSourcesBuildPhase section */
		6DD1C76A192893E80062E079 /* Sources */ = {
			isa = PBXSourcesBuildPhase;
			buildActionMask = 2147483647;
			files = (
				6D011663192CF7390009FE46 /* HJYDict.m in Sources */,
				6DD1C782192893E80062E079 /* HJYAppDelegate.m in Sources */,
				6D2F44C9193B08ED0059B28B /* HJYSideBarTableViewController.m in Sources */,
				6D01165B192CE89B0009FE46 /* HJYStore+Util.m in Sources */,
				6D70CF601930873100638264 /* HJYWord.m in Sources */,
				6DD1C7AB1928E6830062E079 /* HJYStore.m in Sources */,
				6DD1C77E192893E80062E079 /* main.m in Sources */,
				6D8D9489193B108D00F61E8F /* SWRevealViewController.m in Sources */,
				6D011660192CEAEA0009FE46 /* HJYStore+DictStore.m in Sources */,
				6D8D9485193B0D2400F61E8F /* HJYMainViewController.m in Sources */,
			);
			runOnlyForDeploymentPostprocessing = 0;
		};
		6DD1C78B192893E80062E079 /* Sources */ = {
			isa = PBXSourcesBuildPhase;
			buildActionMask = 2147483647;
			files = (
				6DD1C79D192893E80062E079 /* HaoJiYouTests.m in Sources */,
			);
			runOnlyForDeploymentPostprocessing = 0;
		};
/* End PBXSourcesBuildPhase section */

/* Begin PBXTargetDependency section */
		6DD1C795192893E80062E079 /* PBXTargetDependency */ = {
			isa = PBXTargetDependency;
			target = 6DD1C76D192893E80062E079 /* HaoJiYou */;
			targetProxy = 6DD1C794192893E80062E079 /* PBXContainerItemProxy */;
		};
/* End PBXTargetDependency section */

/* Begin PBXVariantGroup section */
		6DD1C77A192893E80062E079 /* InfoPlist.strings */ = {
			isa = PBXVariantGroup;
			children = (
				6DD1C77B192893E80062E079 /* en */,
			);
			name = InfoPlist.strings;
			sourceTree = "<group>";
		};
		6DD1C783192893E80062E079 /* Main.storyboard */ = {
			isa = PBXVariantGroup;
			children = (
				6DD1C784192893E80062E079 /* Base */,
			);
			name = Main.storyboard;
			sourceTree = "<group>";
		};
		6DD1C799192893E80062E079 /* InfoPlist.strings */ = {
			isa = PBXVariantGroup;
			children = (
				6DD1C79A192893E80062E079 /* en */,
			);
			name = InfoPlist.strings;
			sourceTree = "<group>";
		};
/* End PBXVariantGroup section */

/* Begin XCBuildConfiguration section */
		6DD1C79E192893E80062E079 /* Debug */ = {
			isa = XCBuildConfiguration;
			buildSettings = {
				ALWAYS_SEARCH_USER_PATHS = NO;
				CLANG_CXX_LANGUAGE_STANDARD = "gnu++0x";
				CLANG_CXX_LIBRARY = "libc++";
				CLANG_ENABLE_MODULES = YES;
				CLANG_ENABLE_OBJC_ARC = YES;
				CLANG_WARN_BOOL_CONVERSION = YES;
				CLANG_WARN_CONSTANT_CONVERSION = YES;
				CLANG_WARN_DIRECT_OBJC_ISA_USAGE = YES_ERROR;
				CLANG_WARN_EMPTY_BODY = YES;
				CLANG_WARN_ENUM_CONVERSION = YES;
				CLANG_WARN_INT_CONVERSION = YES;
				CLANG_WARN_OBJC_ROOT_CLASS = YES_ERROR;
				CLANG_WARN__DUPLICATE_METHOD_MATCH = YES;
				"CODE_SIGN_IDENTITY[sdk=iphoneos*]" = "iPhone Developer";
				COPY_PHASE_STRIP = NO;
				GCC_C_LANGUAGE_STANDARD = gnu99;
				GCC_DYNAMIC_NO_PIC = NO;
				GCC_OPTIMIZATION_LEVEL = 0;
				GCC_PREPROCESSOR_DEFINITIONS = (
					"DEBUG=1",
					"$(inherited)",
				);
				GCC_SYMBOLS_PRIVATE_EXTERN = NO;
				GCC_WARN_64_TO_32_BIT_CONVERSION = YES;
				GCC_WARN_ABOUT_RETURN_TYPE = YES_ERROR;
				GCC_WARN_UNDECLARED_SELECTOR = YES;
				GCC_WARN_UNINITIALIZED_AUTOS = YES_AGGRESSIVE;
				GCC_WARN_UNUSED_FUNCTION = YES;
				GCC_WARN_UNUSED_VARIABLE = YES;
				IPHONEOS_DEPLOYMENT_TARGET = 7.1;
				ONLY_ACTIVE_ARCH = YES;
				SDKROOT = iphoneos;
			};
			name = Debug;
		};
		6DD1C79F192893E80062E079 /* Release */ = {
			isa = XCBuildConfiguration;
			buildSettings = {
				ALWAYS_SEARCH_USER_PATHS = NO;
				CLANG_CXX_LANGUAGE_STANDARD = "gnu++0x";
				CLANG_CXX_LIBRARY = "libc++";
				CLANG_ENABLE_MODULES = YES;
				CLANG_ENABLE_OBJC_ARC = YES;
				CLANG_WARN_BOOL_CONVERSION = YES;
				CLANG_WARN_CONSTANT_CONVERSION = YES;
				CLANG_WARN_DIRECT_OBJC_ISA_USAGE = YES_ERROR;
				CLANG_WARN_EMPTY_BODY = YES;
				CLANG_WARN_ENUM_CONVERSION = YES;
				CLANG_WARN_INT_CONVERSION = YES;
				CLANG_WARN_OBJC_ROOT_CLASS = YES_ERROR;
				CLANG_WARN__DUPLICATE_METHOD_MATCH = YES;
				"CODE_SIGN_IDENTITY[sdk=iphoneos*]" = "iPhone Developer";
				COPY_PHASE_STRIP = YES;
				ENABLE_NS_ASSERTIONS = NO;
				GCC_C_LANGUAGE_STANDARD = gnu99;
				GCC_WARN_64_TO_32_BIT_CONVERSION = YES;
				GCC_WARN_ABOUT_RETURN_TYPE = YES_ERROR;
				GCC_WARN_UNDECLARED_SELECTOR = YES;
				GCC_WARN_UNINITIALIZED_AUTOS = YES_AGGRESSIVE;
				GCC_WARN_UNUSED_FUNCTION = YES;
				GCC_WARN_UNUSED_VARIABLE = YES;
				IPHONEOS_DEPLOYMENT_TARGET = 7.1;
				SDKROOT = iphoneos;
				VALIDATE_PRODUCT = YES;
			};
			name = Release;
		};
		6DD1C7A1192893E80062E079 /* Debug */ = {
			isa = XCBuildConfiguration;
			buildSettings = {
				ASSETCATALOG_COMPILER_APPICON_NAME = AppIcon;
				ASSETCATALOG_COMPILER_LAUNCHIMAGE_NAME = LaunchImage;
				GCC_PRECOMPILE_PREFIX_HEADER = YES;
				GCC_PREFIX_HEADER = "HaoJiYou/HaoJiYou-Prefix.pch";
				INFOPLIST_FILE = "HaoJiYou/HaoJiYou-Info.plist";
				PRODUCT_NAME = "$(TARGET_NAME)";
				WRAPPER_EXTENSION = app;
			};
			name = Debug;
		};
		6DD1C7A2192893E80062E079 /* Release */ = {
			isa = XCBuildConfiguration;
			buildSettings = {
				ASSETCATALOG_COMPILER_APPICON_NAME = AppIcon;
				ASSETCATALOG_COMPILER_LAUNCHIMAGE_NAME = LaunchImage;
				GCC_PRECOMPILE_PREFIX_HEADER = YES;
				GCC_PREFIX_HEADER = "HaoJiYou/HaoJiYou-Prefix.pch";
				INFOPLIST_FILE = "HaoJiYou/HaoJiYou-Info.plist";
				PRODUCT_NAME = "$(TARGET_NAME)";
				WRAPPER_EXTENSION = app;
			};
			name = Release;
		};
		6DD1C7A4192893E80062E079 /* Debug */ = {
			isa = XCBuildConfiguration;
			buildSettings = {
				BUNDLE_LOADER = "$(BUILT_PRODUCTS_DIR)/HaoJiYou.app/HaoJiYou";
				FRAMEWORK_SEARCH_PATHS = (
					"$(SDKROOT)/Developer/Library/Frameworks",
					"$(inherited)",
					"$(DEVELOPER_FRAMEWORKS_DIR)",
				);
				GCC_PRECOMPILE_PREFIX_HEADER = YES;
				GCC_PREFIX_HEADER = "HaoJiYou/HaoJiYou-Prefix.pch";
				GCC_PREPROCESSOR_DEFINITIONS = (
					"DEBUG=1",
					"$(inherited)",
				);
				INFOPLIST_FILE = "HaoJiYouTests/HaoJiYouTests-Info.plist";
				PRODUCT_NAME = "$(TARGET_NAME)";
				TEST_HOST = "$(BUNDLE_LOADER)";
				WRAPPER_EXTENSION = xctest;
			};
			name = Debug;
		};
		6DD1C7A5192893E80062E079 /* Release */ = {
			isa = XCBuildConfiguration;
			buildSettings = {
				BUNDLE_LOADER = "$(BUILT_PRODUCTS_DIR)/HaoJiYou.app/HaoJiYou";
				FRAMEWORK_SEARCH_PATHS = (
					"$(SDKROOT)/Developer/Library/Frameworks",
					"$(inherited)",
					"$(DEVELOPER_FRAMEWORKS_DIR)",
				);
				GCC_PRECOMPILE_PREFIX_HEADER = YES;
				GCC_PREFIX_HEADER = "HaoJiYou/HaoJiYou-Prefix.pch";
				INFOPLIST_FILE = "HaoJiYouTests/HaoJiYouTests-Info.plist";
				PRODUCT_NAME = "$(TARGET_NAME)";
				TEST_HOST = "$(BUNDLE_LOADER)";
				WRAPPER_EXTENSION = xctest;
			};
			name = Release;
		};
/* End XCBuildConfiguration section */

/* Begin XCConfigurationList section */
		6DD1C769192893E80062E079 /* Build configuration list for PBXProject "HaoJiYou" */ = {
			isa = XCConfigurationList;
			buildConfigurations = (
				6DD1C79E192893E80062E079 /* Debug */,
				6DD1C79F192893E80062E079 /* Release */,
			);
			defaultConfigurationIsVisible = 0;
			defaultConfigurationName = Release;
		};
		6DD1C7A0192893E80062E079 /* Build configuration list for PBXNativeTarget "HaoJiYou" */ = {
			isa = XCConfigurationList;
			buildConfigurations = (
				6DD1C7A1192893E80062E079 /* Debug */,
				6DD1C7A2192893E80062E079 /* Release */,
			);
			defaultConfigurationIsVisible = 0;
			defaultConfigurationName = Release;
		};
		6DD1C7A3192893E80062E079 /* Build configuration list for PBXNativeTarget "HaoJiYouTests" */ = {
			isa = XCConfigurationList;
			buildConfigurations = (
				6DD1C7A4192893E80062E079 /* Debug */,
				6DD1C7A5192893E80062E079 /* Release */,
			);
			defaultConfigurationIsVisible = 0;
			defaultConfigurationName = Release;
		};
/* End XCConfigurationList section */
	};
	rootObject = 6DD1C766192893E80062E079 /* Project object */;
}
